{
  "nodes": {
    "catppuccin": {
      "locked": {
        "lastModified": 1716884128,
        "narHash": "sha256-hzTzcX/qIGf93WVvk2jlLL3N7IgIlWylOBQkgwfTq8w=",
        "owner": "catppuccin",
        "repo": "nix",
        "rev": "296adaf9331cd2c1eb479a25d5207508fbd06188",
        "type": "github"
      },
      "original": {
        "owner": "catppuccin",
        "repo": "nix",
        "type": "github"
      }
    },
    "firefox-addons": {
      "inputs": {
        "flake-utils": "flake-utils",
        "nixpkgs": [
          "nixpkgs"
        ]
      },
      "locked": {
        "dir": "pkgs/firefox-addons",
        "lastModified": 1716955393,
        "narHash": "sha256-bLnqWy5TN9NAuc4cP6kFkQleNUx/W2zIokECfAoT64g=",
        "owner": "rycee",
        "repo": "nur-expressions",
        "rev": "836d7e911ac3c11017ccf23eac8b49ad60ebab1d",
        "type": "gitlab"
      },
      "original": {
        "dir": "pkgs/firefox-addons",
        "owner": "rycee",
        "repo": "nur-expressions",
        "type": "gitlab"
      }
    },
    "flake-utils": {
      "locked": {
        "lastModified": 1629284811,
        "narHash": "sha256-JHgasjPR0/J1J3DRm4KxM4zTyAj4IOJY8vIl75v/kPI=",
        "owner": "numtide",
        "repo": "flake-utils",
        "rev": "c5d161cc0af116a2e17f54316f0bf43f0819785c",
        "type": "github"
      },
      "original": {
        "owner": "numtide",
        "repo": "flake-utils",
        "type": "github"
      }
    },
    "home-manager": {
      "inputs": {
        "nixpkgs": [
          "nixpkgs"
        ]
      },
      "locked": {
        "lastModified": 1716711146,
        "narHash": "sha256-CZ8vs7lX/qDqzJo/Vp/59q6yFxo99we2TSecUYJpeOc=",
        "owner": "nix-community",
        "repo": "home-manager",
        "rev": "147c5eb5b39dee01c44feb6fca4632183e23e03b",
        "type": "github"
      },
      "original": {
        "owner": "nix-community",
        "ref": "release-23.11",
        "repo": "home-manager",
        "type": "github"
      }
    },
    "nixos-hardware": {
      "locked": {
        "lastModified": 1716798306,
        "narHash": "sha256-s8+OhT1WSPMoqbTawT30hj4NVMg+w03/a+2HVqcNhY0=",
        "owner": "NixOS",
        "repo": "nixos-hardware",
        "rev": "9a20e17a73b052d6be912adcee220cb483477094",
        "type": "github"
      },
      "original": {
        "owner": "NixOS",
        "ref": "master",
        "repo": "nixos-hardware",
        "type": "github"
      }
    },
    "nixpkgs": {
      "locked": {
        "lastModified": 1716361217,
        "narHash": "sha256-mzZDr00WUiUXVm1ujBVv6A0qRd8okaITyUp4ezYRgc4=",
        "owner": "nixos",
        "repo": "nixpkgs",
        "rev": "46397778ef1f73414b03ed553a3368f0e7e33c2f",
        "type": "github"
      },
      "original": {
        "owner": "nixos",
        "ref": "nixos-23.11",
        "repo": "nixpkgs",
        "type": "github"
      }
    },
    "nixpkgs-unstable": {
      "locked": {
        "lastModified": 1716509168,
        "narHash": "sha256-4zSIhSRRIoEBwjbPm3YiGtbd8HDWzFxJjw5DYSDy1n8=",
        "owner": "nixos",
        "repo": "nixpkgs",
        "rev": "bfb7a882678e518398ce9a31a881538679f6f092",
        "type": "github"
      },
      "original": {
        "owner": "nixos",
        "ref": "nixos-unstable",
        "repo": "nixpkgs",
        "type": "github"
      }
    },
    "root": {
      "inputs": {
        "catppuccin": "catppuccin",
        "firefox-addons": "firefox-addons",
        "home-manager": "home-manager",
        "nixos-hardware": "nixos-hardware",
        "nixpkgs": "nixpkgs",
        "nixpkgs-unstable": "nixpkgs-unstable"
      }
    }
  },
  "root": "root",
  "version": 7
}
